// !$*UTF8*$!
{
	archiveVersion = 1;
	classes = {
	};
	objectVersion = 55;
	objects = {

/* Begin PBXBuildFile section */
		CEFDB9B8294229FF00532EC8 /* AppDelegate.swift in Sources */ = {isa = PBXBuildFile; fileRef = CEFDB9B7294229FF00532EC8 /* AppDelegate.swift */; };
		CEFDB9BA294229FF00532EC8 /* SceneDelegate.swift in Sources */ = {isa = PBXBuildFile; fileRef = CEFDB9B9294229FF00532EC8 /* SceneDelegate.swift */; };
		CEFDB9BC294229FF00532EC8 /* ViewController.swift in Sources */ = {isa = PBXBuildFile; fileRef = CEFDB9BB294229FF00532EC8 /* ViewController.swift */; };
		CEFDB9BF294229FF00532EC8 /* Main.storyboard in Resources */ = {isa = PBXBuildFile; fileRef = CEFDB9BD294229FF00532EC8 /* Main.storyboard */; };
		CEFDB9C129422A0200532EC8 /* Assets.xcassets in Resources */ = {isa = PBXBuildFile; fileRef = CEFDB9C029422A0200532EC8 /* Assets.xcassets */; };
		CEFDB9C429422A0200532EC8 /* LaunchScreen.storyboard in Resources */ = {isa = PBXBuildFile; fileRef = CEFDB9C229422A0200532EC8 /* LaunchScreen.storyboard */; };
		CEFDB9CC29422EA200532EC8 /* MainTabBarController.swift in Sources */ = {isa = PBXBuildFile; fileRef = CEFDB9CB29422EA200532EC8 /* MainTabBarController.swift */; };
		CEFDB9CE2942347800532EC8 /* LetterCell.swift in Sources */ = {isa = PBXBuildFile; fileRef = CEFDB9CD2942347800532EC8 /* LetterCell.swift */; };
		D4BCB62829497275005F31EC /* Model.swift in Sources */ = {isa = PBXBuildFile; fileRef = D4BCB62729497275005F31EC /* Model.swift */; };
/* End PBXBuildFile section */

/* Begin PBXFileReference section */
		CEFDB9B4294229FF00532EC8 /* lesson73132.app */ = {isa = PBXFileReference; explicitFileType = wrapper.application; includeInIndex = 0; path = lesson73132.app; sourceTree = BUILT_PRODUCTS_DIR; };
		CEFDB9B7294229FF00532EC8 /* AppDelegate.swift */ = {isa = PBXFileReference; lastKnownFileType = sourcecode.swift; path = AppDelegate.swift; sourceTree = "<group>"; };
		CEFDB9B9294229FF00532EC8 /* SceneDelegate.swift */ = {isa = PBXFileReference; lastKnownFileType = sourcecode.swift; path = SceneDelegate.swift; sourceTree = "<group>"; };
		CEFDB9BB294229FF00532EC8 /* ViewController.swift */ = {isa = PBXFileReference; lastKnownFileType = sourcecode.swift; path = ViewController.swift; sourceTree = "<group>"; };
		CEFDB9BE294229FF00532EC8 /* Base */ = {isa = PBXFileReference; lastKnownFileType = file.storyboard; name = Base; path = Base.lproj/Main.storyboard; sourceTree = "<group>"; };
		CEFDB9C029422A0200532EC8 /* Assets.xcassets */ = {isa = PBXFileReference; lastKnownFileType = folder.assetcatalog; path = Assets.xcassets; sourceTree = "<group>"; };
		CEFDB9C329422A0200532EC8 /* Base */ = {isa = PBXFileReference; lastKnownFileType = file.storyboard; name = Base; path = Base.lproj/LaunchScreen.storyboard; sourceTree = "<group>"; };
		CEFDB9C529422A0200532EC8 /* Info.plist */ = {isa = PBXFileReference; lastKnownFileType = text.plist.xml; path = Info.plist; sourceTree = "<group>"; };
		CEFDB9CB29422EA200532EC8 /* MainTabBarController.swift */ = {isa = PBXFileReference; lastKnownFileType = sourcecode.swift; path = MainTabBarController.swift; sourceTree = "<group>"; };
		CEFDB9CD2942347800532EC8 /* LetterCell.swift */ = {isa = PBXFileReference; lastKnownFileType = sourcecode.swift; path = LetterCell.swift; sourceTree = "<group>"; };
		D4BCB62729497275005F31EC /* Model.swift */ = {isa = PBXFileReference; lastKnownFileType = sourcecode.swift; path = Model.swift; sourceTree = "<group>"; };
/* End PBXFileReference section */

/* Begin PBXFrameworksBuildPhase section */
		CEFDB9B1294229FF00532EC8 /* Frameworks */ = {
			isa = PBXFrameworksBuildPhase;
			buildActionMask = 2147483647;
			files = (
			);
			runOnlyForDeploymentPostprocessing = 0;
		};
/* End PBXFrameworksBuildPhase section */

/* Begin PBXGroup section */
		CEFDB9AB294229FF00532EC8 = {
			isa = PBXGroup;
			children = (
				CEFDB9B6294229FF00532EC8 /* lesson73132 */,
				CEFDB9B5294229FF00532EC8 /* Products */,
			);
			sourceTree = "<group>";
		};
		CEFDB9B5294229FF00532EC8 /* Products */ = {
			isa = PBXGroup;
			children = (
				CEFDB9B4294229FF00532EC8 /* lesson73132.app */,
			);
			name = Products;
			sourceTree = "<group>";
		};
		CEFDB9B6294229FF00532EC8 /* lesson73132 */ = {
			isa = PBXGroup;
			children = (
				CEFDB9B7294229FF00532EC8 /* AppDelegate.swift */,
				CEFDB9B9294229FF00532EC8 /* SceneDelegate.swift */,
				CEFDB9BD294229FF00532EC8 /* Main.storyboard */,
				CEFDB9BB294229FF00532EC8 /* ViewController.swift */,
				CEFDB9CB29422EA200532EC8 /* MainTabBarController.swift */,
				CEFDB9CD2942347800532EC8 /* LetterCell.swift */,
				CEFDB9C529422A0200532EC8 /* Info.plist */,
				CEFDB9C029422A0200532EC8 /* Assets.xcassets */,
				CEFDB9C229422A0200532EC8 /* LaunchScreen.storyboard */,
				D4BCB62729497275005F31EC /* Model.swift */,
			);
			path = lesson73132;
			sourceTree = "<group>";
		};
/* End PBXGroup section */

/* Begin PBXNativeTarget section */
		CEFDB9B3294229FF00532EC8 /* lesson73132 */ = {
			isa = PBXNativeTarget;
			buildConfigurationList = CEFDB9C829422A0200532EC8 /* Build configuration list for PBXNativeTarget "lesson73132" */;
			buildPhases = (
				CEFDB9B0294229FF00532EC8 /* Sources */,
				CEFDB9B1294229FF00532EC8 /* Frameworks */,
				CEFDB9B2294229FF00532EC8 /* Resources */,
			);
			buildRules = (
			);
			dependencies = (
			);
			name = lesson73132;
			productName = lesson73132;
			productReference = CEFDB9B4294229FF00532EC8 /* lesson73132.app */;
			productType = "com.apple.product-type.application";
		};
/* End PBXNativeTarget section */

/* Begin PBXProject section */
		CEFDB9AC294229FF00532EC8 /* Project object */ = {
			isa = PBXProject;
			attributes = {
				BuildIndependentTargetsInParallel = 1;
				LastSwiftUpdateCheck = 1320;
				LastUpgradeCheck = 1320;
				TargetAttributes = {
					CEFDB9B3294229FF00532EC8 = {
						CreatedOnToolsVersion = 13.2.1;
					};
				};
			};
			buildConfigurationList = CEFDB9AF294229FF00532EC8 /* Build configuration list for PBXProject "lesson73132" */;
			compatibilityVersion = "Xcode 13.0";
			developmentRegion = en;
			hasScannedForEncodings = 0;
			knownRegions = (
				en,
				Base,
			);
			mainGroup = CEFDB9AB294229FF00532EC8;
			productRefGroup = CEFDB9B5294229FF00532EC8 /* Products */;
			projectDirPath = "";
			projectRoot = "";
			targets = (
				CEFDB9B3294229FF00532EC8 /* lesson73132 */,
			);
		};
/* End PBXProject section */

/* Begin PBXResourcesBuildPhase section */
		CEFDB9B2294229FF00532EC8 /* Resources */ = {
			isa = PBXResourcesBuildPhase;
			buildActionMask = 2147483647;
			files = (
				CEFDB9C429422A0200532EC8 /* LaunchScreen.storyboard in Resources */,
				CEFDB9C129422A0200532EC8 /* Assets.xcassets in Resources */,
				CEFDB9BF294229FF00532EC8 /* Main.storyboard in Resources */,
			);
			runOnlyForDeploymentPostprocessing = 0;
		};
/* End PBXResourcesBuildPhase section */

/* Begin PBXSourcesBuildPhase section */
		CEFDB9B0294229FF00532EC8 /* Sources */ = {
			isa = PBXSourcesBuildPhase;
			buildActionMask = 2147483647;
			files = (
				CEFDB9CE2942347800532EC8 /* LetterCell.swift in Sources */,
				CEFDB9BC294229FF00532EC8 /* ViewController.swift in Sources */,
				CEFDB9B8294229FF00532EC8 /* AppDelegate.swift in Sources */,
				D4BCB62829497275005F31EC /* Model.swift in Sources */,
				CEFDB9CC29422EA200532EC8 /* MainTabBarController.swift in Sources */,
				CEFDB9BA294229FF00532EC8 /* SceneDelegate.swift in Sources */,
			);
			runOnlyForDeploymentPostprocessing = 0;
		};
/* End PBXSourcesBuildPhase section */

/* Begin PBXVariantGroup section */
		CEFDB9BD294229FF00532EC8 /* Main.storyboard */ = {
			isa = PBXVariantGroup;
			children = (
				CEFDB9BE294229FF00532EC8 /* Base */,
			);
			name = Main.storyboard;
			sourceTree = "<group>";
		};
		CEFDB9C229422A0200532EC8 /* LaunchScreen.storyboard */ = {
			isa = PBXVariantGroup;
			children = (
				CEFDB9C329422A0200532EC8 /* Base */,
			);
			name = LaunchScreen.storyboard;
			sourceTree = "<group>";
		};
/* End PBXVariantGroup section */

/* Begin XCBuildConfiguration section */
		CEFDB9C629422A0200532EC8 /* Debug */ = {
			isa = XCBuildConfiguration;
			buildSettings = {
				ALWAYS_SEARCH_USER_PATHS = NO;
				CLANG_ANALYZER_NONNULL = YES;
				CLANG_ANALYZER_NUMBER_OBJECT_CONVERSION = YES_AGGRESSIVE;
				CLANG_CXX_LANGUAGE_STANDARD = "gnu++17";
				CLANG_CXX_LIBRARY = "libc++";
				CLANG_ENABLE_MODULES = YES;
				CLANG_ENABLE_OBJC_ARC = YES;
				CLANG_ENABLE_OBJC_WEAK = YES;
				CLANG_WARN_BLOCK_CAPTURE_AUTORELEASING = YES;
				CLANG_WARN_BOOL_CONVERSION = YES;
				CLANG_WARN_COMMA = YES;
				CLANG_WARN_CONSTANT_CONVERSION = YES;
				CLANG_WARN_DEPRECATED_OBJC_IMPLEMENTATIONS = YES;
				CLANG_WARN_DIRECT_OBJC_ISA_USAGE = YES_ERROR;
				CLANG_WARN_DOCUMENTATION_COMMENTS = YES;
				CLANG_WARN_EMPTY_BODY = YES;
				CLANG_WARN_ENUM_CONVERSION = YES;
				CLANG_WARN_INFINITE_RECURSION = YES;
				CLANG_WARN_INT_CONVERSION = YES;
				CLANG_WARN_NON_LITERAL_NULL_CONVERSION = YES;
				CLANG_WARN_OBJC_IMPLICIT_RETAIN_SELF = YES;
				CLANG_WARN_OBJC_LITERAL_CONVERSION = YES;
				CLANG_WARN_OBJC_ROOT_CLASS = YES_ERROR;
				CLANG_WARN_QUOTED_INCLUDE_IN_FRAMEWORK_HEADER = YES;
				CLANG_WARN_RANGE_LOOP_ANALYSIS = YES;
				CLANG_WARN_STRICT_PROTOTYPES = YES;
				CLANG_WARN_SUSPICIOUS_MOVE = YES;
				CLANG_WARN_UNGUARDED_AVAILABILITY = YES_AGGRESSIVE;
				CLANG_WARN_UNREACHABLE_CODE = YES;
				CLANG_WARN__DUPLICATE_METHOD_MATCH = YES;
				COPY_PHASE_STRIP = NO;
				DEBUG_INFORMATION_FORMAT = dwarf;
				ENABLE_STRICT_OBJC_MSGSEND = YES;
				ENABLE_TESTABILITY = YES;
				GCC_C_LANGUAGE_STANDARD = gnu11;
				GCC_DYNAMIC_NO_PIC = NO;
				GCC_NO_COMMON_BLOCKS = YES;
				GCC_OPTIMIZATION_LEVEL = 0;
				GCC_PREPROCESSOR_DEFINITIONS = (
					"DEBUG=1",
					"$(inherited)",
				);
				GCC_WARN_64_TO_32_BIT_CONVERSION = YES;
				GCC_WARN_ABOUT_RETURN_TYPE = YES_ERROR;
				GCC_WARN_UNDECLARED_SELECTOR = YES;
				GCC_WARN_UNINITIALIZED_AUTOS = YES_AGGRESSIVE;
				GCC_WARN_UNUSED_FUNCTION = YES;
				GCC_WARN_UNUSED_VARIABLE = YES;
				IPHONEOS_DEPLOYMENT_TARGET = 15.2;
				MTL_ENABLE_DEBUG_INFO = INCLUDE_SOURCE;
				MTL_FAST_MATH = YES;
				ONLY_ACTIVE_ARCH = YES;
				SDKROOT = iphoneos;
				SWIFT_ACTIVE_COMPILATION_CONDITIONS = DEBUG;
				SWIFT_OPTIMIZATION_LEVEL = "-Onone";
			};
			name = Debug;
		};
		CEFDB9C729422A0200532EC8 /* Release */ = {
			isa = XCBuildConfiguration;
			buildSettings = {
				ALWAYS_SEARCH_USER_PATHS = NO;
				CLANG_ANALYZER_NONNULL = YES;
				CLANG_ANALYZER_NUMBER_OBJECT_CONVERSION = YES_AGGRESSIVE;
				CLANG_CXX_LANGUAGE_STANDARD = "gnu++17";
				CLANG_CXX_LIBRARY = "libc++";
				CLANG_ENABLE_MODULES = YES;
				CLANG_ENABLE_OBJC_ARC = YES;
				CLANG_ENABLE_OBJC_WEAK = YES;
				CLANG_WARN_BLOCK_CAPTURE_AUTORELEASING = YES;
				CLANG_WARN_BOOL_CONVERSION = YES;
				CLANG_WARN_COMMA = YES;
				CLANG_WARN_CONSTANT_CONVERSION = YES;
				CLANG_WARN_DEPRECATED_OBJC_IMPLEMENTATIONS = YES;
				CLANG_WARN_DIRECT_OBJC_ISA_USAGE = YES_ERROR;
				CLANG_WARN_DOCUMENTATION_COMMENTS = YES;
				CLANG_WARN_EMPTY_BODY = YES;
				CLANG_WARN_ENUM_CONVERSION = YES;
				CLANG_WARN_INFINITE_RECURSION = YES;
				CLANG_WARN_INT_CONVERSION = YES;
				CLANG_WARN_NON_LITERAL_NULL_CONVERSION = YES;
				CLANG_WARN_OBJC_IMPLICIT_RETAIN_SELF = YES;
				CLANG_WARN_OBJC_LITERAL_CONVERSION = YES;
				CLANG_WARN_OBJC_ROOT_CLASS = YES_ERROR;
				CLANG_WARN_QUOTED_INCLUDE_IN_FRAMEWORK_HEADER = YES;
				CLANG_WARN_RANGE_LOOP_ANALYSIS = YES;
				CLANG_WARN_STRICT_PROTOTYPES = YES;
				CLANG_WARN_SUSPICIOUS_MOVE = YES;
				CLANG_WARN_UNGUARDED_AVAILABILITY = YES_AGGRESSIVE;
				CLANG_WARN_UNREACHABLE_CODE = YES;
				CLANG_WARN__DUPLICATE_METHOD_MATCH = YES;
				COPY_PHASE_STRIP = NO;
				DEBUG_INFORMATION_FORMAT = "dwarf-with-dsym";
				ENABLE_NS_ASSERTIONS = NO;
				ENABLE_STRICT_OBJC_MSGSEND = YES;
				GCC_C_LANGUAGE_STANDARD = gnu11;
				GCC_NO_COMMON_BLOCKS = YES;
				GCC_WARN_64_TO_32_BIT_CONVERSION = YES;
				GCC_WARN_ABOUT_RETURN_TYPE = YES_ERROR;
				GCC_WARN_UNDECLARED_SELECTOR = YES;
				GCC_WARN_UNINITIALIZED_AUTOS = YES_AGGRESSIVE;
				GCC_WARN_UNUSED_FUNCTION = YES;
				GCC_WARN_UNUSED_VARIABLE = YES;
				IPHONEOS_DEPLOYMENT_TARGET = 15.2;
				MTL_ENABLE_DEBUG_INFO = NO;
				MTL_FAST_MATH = YES;
				SDKROOT = iphoneos;
				SWIFT_COMPILATION_MODE = wholemodule;
				SWIFT_OPTIMIZATION_LEVEL = "-O";
				VALIDATE_PRODUCT = YES;
			};
			name = Release;
		};
		CEFDB9C929422A0200532EC8 /* Debug */ = {
			isa = XCBuildConfiguration;
			buildSettings = {
				ASSETCATALOG_COMPILER_APPICON_NAME = AppIcon;
				ASSETCATALOG_COMPILER_GLOBAL_ACCENT_COLOR_NAME = AccentColor;
				CODE_SIGN_STYLE = Automatic;
				CURRENT_PROJECT_VERSION = 1;
				DEVELOPMENT_TEAM = 6F4D689QPK;
				GENERATE_INFOPLIST_FILE = YES;
				INFOPLIST_FILE = lesson73132/Info.plist;
				INFOPLIST_KEY_UIApplicationSupportsIndirectInputEvents = YES;
				INFOPLIST_KEY_UILaunchStoryboardName = LaunchScreen;
				INFOPLIST_KEY_UIMainStoryboardFile = Main;
				INFOPLIST_KEY_UISupportedInterfaceOrientations_iPad = "UIInterfaceOrientationPortrait UIInterfaceOrientationPortraitUpsideDown UIInterfaceOrientationLandscapeLeft UIInterfaceOrientationLandscapeRight";
				INFOPLIST_KEY_UISupportedInterfaceOrientations_iPhone = "UIInterfaceOrientationPortrait UIInterfaceOrientationLandscapeLeft UIInterfaceOrientationLandscapeRight";
				LD_RUNPATH_SEARCH_PATHS = (
					"$(inherited)",
					"@executable_path/Frameworks",
				);
				MARKETING_VERSION = 1.0;
				PRODUCT_BUNDLE_IDENTIFIER = kg.geektech.lesson73132;
				PRODUCT_NAME = "$(TARGET_NAME)";
				SWIFT_EMIT_LOC_STRINGS = YES;
				SWIFT_VERSION = 5.0;
				TARGETED_DEVICE_FAMILY = "1,2";
			};
			name = Debug;
		};
		CEFDB9CA29422A0200532EC8 /* Release */ = {
			isa = XCBuildConfiguration;
			buildSettings = {
				ASSETCATALOG_COMPILER_APPICON_NAME = AppIcon;
				ASSETCATALOG_COMPILER_GLOBAL_ACCENT_COLOR_NAME = AccentColor;
				CODE_SIGN_STYLE = Automatic;
				CURRENT_PROJECT_VERSION = 1;
				DEVELOPMENT_TEAM = 6F4D689QPK;
				GENERATE_INFOPLIST_FILE = YES;
				INFOPLIST_FILE = lesson73132/Info.plist;
				INFOPLIST_KEY_UIApplicationSupportsIndirectInputEvents = YES;
				INFOPLIST_KEY_UILaunchStoryboardName = LaunchScreen;
				INFOPLIST_KEY_UIMainStoryboardFile = Main;
				INFOPLIST_KEY_UISupportedInterfaceOrientations_iPad = "UIInterfaceOrientationPortrait UIInterfaceOrientationPortraitUpsideDown UIInterfaceOrientationLandscapeLeft UIInterfaceOrientationLandscapeRight";
				INFOPLIST_KEY_UISupportedInterfaceOrientations_iPhone = "UIInterfaceOrientationPortrait UIInterfaceOrientationLandscapeLeft UIInterfaceOrientationLandscapeRight";
				LD_RUNPATH_SEARCH_PATHS = (
					"$(inherited)",
					"@executable_path/Frameworks",
				);
				MARKETING_VERSION = 1.0;
				PRODUCT_BUNDLE_IDENTIFIER = kg.geektech.lesson73132;
				PRODUCT_NAME = "$(TARGET_NAME)";
				SWIFT_EMIT_LOC_STRINGS = YES;
				SWIFT_VERSION = 5.0;
				TARGETED_DEVICE_FAMILY = "1,2";
			};
			name = Release;
		};
/* End XCBuildConfiguration section */

/* Begin XCConfigurationList section */
		CEFDB9AF294229FF00532EC8 /* Build configuration list for PBXProject "lesson73132" */ = {
			isa = XCConfigurationList;
			buildConfigurations = (
				CEFDB9C629422A0200532EC8 /* Debug */,
				CEFDB9C729422A0200532EC8 /* Release */,
			);
			defaultConfigurationIsVisible = 0;
			defaultConfigurationName = Release;
		};
		CEFDB9C829422A0200532EC8 /* Build configuration list for PBXNativeTarget "lesson73132" */ = {
			isa = XCConfigurationList;
			buildConfigurations = (
				CEFDB9C929422A0200532EC8 /* Debug */,
				CEFDB9CA29422A0200532EC8 /* Release */,
			);
			defaultConfigurationIsVisible = 0;
			defaultConfigurationName = Release;
		};
/* End XCConfigurationList section */
	};
	rootObject = CEFDB9AC294229FF00532EC8 /* Project object */;
}
